{
  "name": "Con-Module",
  "lockfileVersion": 2,
  "requires": true,
  "packages": {
    "": {
      "dependencies": {
        "@minecraft/server": "^1.2.0-beta.1.19.80-preview.24"
      }
    },
    "node_modules/@minecraft/server": {
      "version": "1.2.0-beta.1.19.80-preview.24",
      "resolved": "https://registry.npmjs.org/@minecraft/server/-/server-1.2.0-beta.1.19.80-preview.24.tgz",
      "integrity": "sha512-jL94HQpdVBLCbxsVjsUIb1DfuIGnBUBr09HiovPrxoOdj0F1U69QPp6Mofier9WdBUOT+0Az1w3v/MWvVK/5yQ=="
    }
  },
  "dependencies": {
    "@minecraft/server": {
      "version": "1.2.0-beta.1.19.80-preview.24",
      "resolved": "https://registry.npmjs.org/@minecraft/server/-/server-1.2.0-beta.1.19.80-preview.24.tgz",
      "integrity": "sha512-jL94HQpdVBLCbxsVjsUIb1DfuIGnBUBr09HiovPrxoOdj0F1U69QPp6Mofier9WdBUOT+0Az1w3v/MWvVK/5yQ=="
    }
  }
}
